// !$*UTF8*$!
{
	archiveVersion = 1;
	classes = {
	};
	objectVersion = 55;
	objects = {

/* Begin PBXBuildFile section */
		11977D6B2884E3920033CBB6 /* PrincipleViewController.swift in Sources */ = {isa = PBXBuildFile; fileRef = 11977D6A2884E3920033CBB6 /* PrincipleViewController.swift */; };
		11977D6D288532890033CBB6 /* PrincipleTexts.swift in Sources */ = {isa = PBXBuildFile; fileRef = 11977D6C288532890033CBB6 /* PrincipleTexts.swift */; };
		11977D6F28853B120033CBB6 /* PrincipleModel.swift in Sources */ = {isa = PBXBuildFile; fileRef = 11977D6E28853B120033CBB6 /* PrincipleModel.swift */; };
		11B165642886A5CE008D2456 /* PrincipleEndViewController.swift in Sources */ = {isa = PBXBuildFile; fileRef = 11B165632886A5CE008D2456 /* PrincipleEndViewController.swift */; };
		11B62AA5288E65BD00724875 /* PrincipleCollectionViewCell.swift in Sources */ = {isa = PBXBuildFile; fileRef = 11B62AA4288E65BD00724875 /* PrincipleCollectionViewCell.swift */; };
		4D31A7242882AB1E00589672 /* StudyMenu.storyboard in Resources */ = {isa = PBXBuildFile; fileRef = 4D31A7232882AB1E00589672 /* StudyMenu.storyboard */; };
		4D31A7262882AB2700589672 /* TopMenu.storyboard in Resources */ = {isa = PBXBuildFile; fileRef = 4D31A7252882AB2700589672 /* TopMenu.storyboard */; };
		4D31A7282882AB3500589672 /* Vowel.storyboard in Resources */ = {isa = PBXBuildFile; fileRef = 4D31A7272882AB3500589672 /* Vowel.storyboard */; };
		4D31A72A2882AB3E00589672 /* Consonant.storyboard in Resources */ = {isa = PBXBuildFile; fileRef = 4D31A7292882AB3E00589672 /* Consonant.storyboard */; };
		4D31A72C2882AB4700589672 /* Batchim.storyboard in Resources */ = {isa = PBXBuildFile; fileRef = 4D31A72B2882AB4700589672 /* Batchim.storyboard */; };
		4D31A72E2882AE3200589672 /* Principle.storyboard in Resources */ = {isa = PBXBuildFile; fileRef = 4D31A72D2882AE3200589672 /* Principle.storyboard */; };
		4D31A732288460D600589672 /* ConsonantViewController.swift in Sources */ = {isa = PBXBuildFile; fileRef = 4D31A731288460D600589672 /* ConsonantViewController.swift */; };
		4D31A7502886817900589672 /* ButtonSetView.swift in Sources */ = {isa = PBXBuildFile; fileRef = 4D31A74F2886817900589672 /* ButtonSetView.swift */; };
		4D31A7522886819200589672 /* ButtonSetView.xib in Resources */ = {isa = PBXBuildFile; fileRef = 4D31A7512886819200589672 /* ButtonSetView.xib */; };
		4D31A7542886C9C900589672 /* CollectionViewCell.swift in Sources */ = {isa = PBXBuildFile; fileRef = 4D31A7532886C9C900589672 /* CollectionViewCell.swift */; };
		4D31D55B288D9DAA005E2F53 /* Quiz.storyboard in Resources */ = {isa = PBXBuildFile; fileRef = 4D31D55A288D9DAA005E2F53 /* Quiz.storyboard */; };
		4D31D55D288D9DBC005E2F53 /* QuizViewController.swift in Sources */ = {isa = PBXBuildFile; fileRef = 4D31D55C288D9DBC005E2F53 /* QuizViewController.swift */; };
		4D89B9CF28891CEA00BD37F7 /* ConsonantEndViewController.swift in Sources */ = {isa = PBXBuildFile; fileRef = 4D89B9CE28891CEA00BD37F7 /* ConsonantEndViewController.swift */; };
		4D89B9D128891E9B00BD37F7 /* BatchimEndViewController.swift in Sources */ = {isa = PBXBuildFile; fileRef = 4D89B9D028891E9B00BD37F7 /* BatchimEndViewController.swift */; };
		6761C8AA288550F4001A0D2C /* BatchimModel.swift in Sources */ = {isa = PBXBuildFile; fileRef = 6761C8A9288550F4001A0D2C /* BatchimModel.swift */; };
		67E52E6D2882BA4300BC1205 /* BatchimViewController.swift in Sources */ = {isa = PBXBuildFile; fileRef = 67E52E6C2882BA4300BC1205 /* BatchimViewController.swift */; };
		A082B9C42882B9FA006F29CC /* VowelViewController.swift in Sources */ = {isa = PBXBuildFile; fileRef = A082B9C32882B9FA006F29CC /* VowelViewController.swift */; };
		A0AFCE8F28873A7400C51FEA /* LastVowelViewController.swift in Sources */ = {isa = PBXBuildFile; fileRef = A0AFCE8E28873A7300C51FEA /* LastVowelViewController.swift */; };
		A0AFCE9128873AA300C51FEA /* LastVowel.storyboard in Resources */ = {isa = PBXBuildFile; fileRef = A0AFCE9028873AA300C51FEA /* LastVowel.storyboard */; };
		D58FDEC0288D43EA00DBBE01 /* Sound.mp3 in Resources */ = {isa = PBXBuildFile; fileRef = D58FDEBF288D43EA00DBBE01 /* Sound.mp3 */; };
		D5CC9509287E9591005E8BF5 /* AppDelegate.swift in Sources */ = {isa = PBXBuildFile; fileRef = D5CC9508287E9591005E8BF5 /* AppDelegate.swift */; };
		D5CC950B287E9591005E8BF5 /* SceneDelegate.swift in Sources */ = {isa = PBXBuildFile; fileRef = D5CC950A287E9591005E8BF5 /* SceneDelegate.swift */; };
		D5CC950D287E9591005E8BF5 /* ViewController.swift in Sources */ = {isa = PBXBuildFile; fileRef = D5CC950C287E9591005E8BF5 /* ViewController.swift */; };
		D5CC9510287E9591005E8BF5 /* Main.storyboard in Resources */ = {isa = PBXBuildFile; fileRef = D5CC950E287E9591005E8BF5 /* Main.storyboard */; };
		D5CC9513287E9591005E8BF5 /* HangulTop.xcdatamodeld in Sources */ = {isa = PBXBuildFile; fileRef = D5CC9511287E9591005E8BF5 /* HangulTop.xcdatamodeld */; };
		D5CC9515287E9593005E8BF5 /* Assets.xcassets in Resources */ = {isa = PBXBuildFile; fileRef = D5CC9514287E9593005E8BF5 /* Assets.xcassets */; };
		D5CC9518287E9593005E8BF5 /* LaunchScreen.storyboard in Resources */ = {isa = PBXBuildFile; fileRef = D5CC9516287E9593005E8BF5 /* LaunchScreen.storyboard */; };
		D5E9EE41288F196E0068C47A /* StudyMenuViewController.swift in Sources */ = {isa = PBXBuildFile; fileRef = D5E9EE40288F196E0068C47A /* StudyMenuViewController.swift */; };
		D5E9EE43288F1AA20068C47A /* SyllableStartViewController.swift in Sources */ = {isa = PBXBuildFile; fileRef = D5E9EE42288F1AA20068C47A /* SyllableStartViewController.swift */; };
		D5E9EE45288FC76C0068C47A /* TopMenuViewController.swift in Sources */ = {isa = PBXBuildFile; fileRef = D5E9EE44288FC76C0068C47A /* TopMenuViewController.swift */; };
/* End PBXBuildFile section */

/* Begin PBXFileReference section */
		11977D6A2884E3920033CBB6 /* PrincipleViewController.swift */ = {isa = PBXFileReference; lastKnownFileType = sourcecode.swift; path = PrincipleViewController.swift; sourceTree = "<group>"; };
		11977D6C288532890033CBB6 /* PrincipleTexts.swift */ = {isa = PBXFileReference; lastKnownFileType = sourcecode.swift; path = PrincipleTexts.swift; sourceTree = "<group>"; };
		11977D6E28853B120033CBB6 /* PrincipleModel.swift */ = {isa = PBXFileReference; lastKnownFileType = sourcecode.swift; path = PrincipleModel.swift; sourceTree = "<group>"; };
		11B165632886A5CE008D2456 /* PrincipleEndViewController.swift */ = {isa = PBXFileReference; lastKnownFileType = sourcecode.swift; path = PrincipleEndViewController.swift; sourceTree = "<group>"; };
		11B62AA4288E65BD00724875 /* PrincipleCollectionViewCell.swift */ = {isa = PBXFileReference; lastKnownFileType = sourcecode.swift; path = PrincipleCollectionViewCell.swift; sourceTree = "<group>"; };
		4D31A7232882AB1E00589672 /* StudyMenu.storyboard */ = {isa = PBXFileReference; lastKnownFileType = file.storyboard; path = StudyMenu.storyboard; sourceTree = "<group>"; };
		4D31A7252882AB2700589672 /* TopMenu.storyboard */ = {isa = PBXFileReference; lastKnownFileType = file.storyboard; path = TopMenu.storyboard; sourceTree = "<group>"; };
		4D31A7272882AB3500589672 /* Vowel.storyboard */ = {isa = PBXFileReference; lastKnownFileType = file.storyboard; path = Vowel.storyboard; sourceTree = "<group>"; };
		4D31A7292882AB3E00589672 /* Consonant.storyboard */ = {isa = PBXFileReference; lastKnownFileType = file.storyboard; path = Consonant.storyboard; sourceTree = "<group>"; };
		4D31A72B2882AB4700589672 /* Batchim.storyboard */ = {isa = PBXFileReference; lastKnownFileType = file.storyboard; path = Batchim.storyboard; sourceTree = "<group>"; };
		4D31A72D2882AE3200589672 /* Principle.storyboard */ = {isa = PBXFileReference; lastKnownFileType = file.storyboard; path = Principle.storyboard; sourceTree = "<group>"; };
		4D31A731288460D600589672 /* ConsonantViewController.swift */ = {isa = PBXFileReference; lastKnownFileType = sourcecode.swift; path = ConsonantViewController.swift; sourceTree = "<group>"; };
		4D31A74F2886817900589672 /* ButtonSetView.swift */ = {isa = PBXFileReference; lastKnownFileType = sourcecode.swift; path = ButtonSetView.swift; sourceTree = "<group>"; };
		4D31A7512886819200589672 /* ButtonSetView.xib */ = {isa = PBXFileReference; lastKnownFileType = file.xib; path = ButtonSetView.xib; sourceTree = "<group>"; };
		4D31A7532886C9C900589672 /* CollectionViewCell.swift */ = {isa = PBXFileReference; lastKnownFileType = sourcecode.swift; path = CollectionViewCell.swift; sourceTree = "<group>"; };
		4D31D55A288D9DAA005E2F53 /* Quiz.storyboard */ = {isa = PBXFileReference; lastKnownFileType = file.storyboard; path = Quiz.storyboard; sourceTree = "<group>"; };
		4D31D55C288D9DBC005E2F53 /* QuizViewController.swift */ = {isa = PBXFileReference; lastKnownFileType = sourcecode.swift; path = QuizViewController.swift; sourceTree = "<group>"; };
		4D89B9CE28891CEA00BD37F7 /* ConsonantEndViewController.swift */ = {isa = PBXFileReference; lastKnownFileType = sourcecode.swift; path = ConsonantEndViewController.swift; sourceTree = "<group>"; };
		4D89B9D028891E9B00BD37F7 /* BatchimEndViewController.swift */ = {isa = PBXFileReference; lastKnownFileType = sourcecode.swift; path = BatchimEndViewController.swift; sourceTree = "<group>"; };
		6761C8A9288550F4001A0D2C /* BatchimModel.swift */ = {isa = PBXFileReference; lastKnownFileType = sourcecode.swift; path = BatchimModel.swift; sourceTree = "<group>"; };
		67E52E6C2882BA4300BC1205 /* BatchimViewController.swift */ = {isa = PBXFileReference; lastKnownFileType = sourcecode.swift; path = BatchimViewController.swift; sourceTree = "<group>"; };
		A082B9C32882B9FA006F29CC /* VowelViewController.swift */ = {isa = PBXFileReference; lastKnownFileType = sourcecode.swift; path = VowelViewController.swift; sourceTree = "<group>"; };
		A0AFCE8E28873A7300C51FEA /* LastVowelViewController.swift */ = {isa = PBXFileReference; lastKnownFileType = sourcecode.swift; path = LastVowelViewController.swift; sourceTree = "<group>"; };
		A0AFCE9028873AA300C51FEA /* LastVowel.storyboard */ = {isa = PBXFileReference; lastKnownFileType = file.storyboard; path = LastVowel.storyboard; sourceTree = "<group>"; };
		D58FDEBF288D43EA00DBBE01 /* Sound.mp3 */ = {isa = PBXFileReference; lastKnownFileType = audio.mp3; path = Sound.mp3; sourceTree = "<group>"; };
		D5CC9505287E9591005E8BF5 /* HangulTop.app */ = {isa = PBXFileReference; explicitFileType = wrapper.application; includeInIndex = 0; path = HangulTop.app; sourceTree = BUILT_PRODUCTS_DIR; };
		D5CC9508287E9591005E8BF5 /* AppDelegate.swift */ = {isa = PBXFileReference; lastKnownFileType = sourcecode.swift; path = AppDelegate.swift; sourceTree = "<group>"; };
		D5CC950A287E9591005E8BF5 /* SceneDelegate.swift */ = {isa = PBXFileReference; lastKnownFileType = sourcecode.swift; path = SceneDelegate.swift; sourceTree = "<group>"; };
		D5CC950C287E9591005E8BF5 /* ViewController.swift */ = {isa = PBXFileReference; lastKnownFileType = sourcecode.swift; path = ViewController.swift; sourceTree = "<group>"; };
		D5CC950F287E9591005E8BF5 /* Base */ = {isa = PBXFileReference; lastKnownFileType = file.storyboard; name = Base; path = Base.lproj/Main.storyboard; sourceTree = "<group>"; };
		D5CC9512287E9591005E8BF5 /* HangulTop.xcdatamodel */ = {isa = PBXFileReference; lastKnownFileType = wrapper.xcdatamodel; path = HangulTop.xcdatamodel; sourceTree = "<group>"; };
		D5CC9514287E9593005E8BF5 /* Assets.xcassets */ = {isa = PBXFileReference; lastKnownFileType = folder.assetcatalog; path = Assets.xcassets; sourceTree = "<group>"; };
		D5CC9517287E9593005E8BF5 /* Base */ = {isa = PBXFileReference; lastKnownFileType = file.storyboard; name = Base; path = Base.lproj/LaunchScreen.storyboard; sourceTree = "<group>"; };
		D5CC9519287E9593005E8BF5 /* Info.plist */ = {isa = PBXFileReference; lastKnownFileType = text.plist.xml; path = Info.plist; sourceTree = "<group>"; };
		D5E9EE40288F196E0068C47A /* StudyMenuViewController.swift */ = {isa = PBXFileReference; lastKnownFileType = sourcecode.swift; path = StudyMenuViewController.swift; sourceTree = "<group>"; };
		D5E9EE42288F1AA20068C47A /* SyllableStartViewController.swift */ = {isa = PBXFileReference; lastKnownFileType = sourcecode.swift; path = SyllableStartViewController.swift; sourceTree = "<group>"; };
		D5E9EE44288FC76C0068C47A /* TopMenuViewController.swift */ = {isa = PBXFileReference; lastKnownFileType = sourcecode.swift; path = TopMenuViewController.swift; sourceTree = "<group>"; };
/* End PBXFileReference section */

/* Begin PBXFrameworksBuildPhase section */
		D5CC9502287E9591005E8BF5 /* Frameworks */ = {
			isa = PBXFrameworksBuildPhase;
			buildActionMask = 2147483647;
			files = (
			);
			runOnlyForDeploymentPostprocessing = 0;
		};
/* End PBXFrameworksBuildPhase section */

/* Begin PBXGroup section */
		4D31A7202882AAC300589672 /* ViewController */ = {
			isa = PBXGroup;
			children = (
				D5CC950C287E9591005E8BF5 /* ViewController.swift */,
				A0AFCE8E28873A7300C51FEA /* LastVowelViewController.swift */,
				A082B9C32882B9FA006F29CC /* VowelViewController.swift */,
				67E52E6C2882BA4300BC1205 /* BatchimViewController.swift */,
				4D89B9D028891E9B00BD37F7 /* BatchimEndViewController.swift */,
				6761C8A9288550F4001A0D2C /* BatchimModel.swift */,
				4D31A731288460D600589672 /* ConsonantViewController.swift */,
				4D89B9CE28891CEA00BD37F7 /* ConsonantEndViewController.swift */,
				11977D6A2884E3920033CBB6 /* PrincipleViewController.swift */,
				11B165632886A5CE008D2456 /* PrincipleEndViewController.swift */,
				11B62AA4288E65BD00724875 /* PrincipleCollectionViewCell.swift */,
				11977D6E28853B120033CBB6 /* PrincipleModel.swift */,
				11977D6C288532890033CBB6 /* PrincipleTexts.swift */,
				D5E9EE40288F196E0068C47A /* StudyMenuViewController.swift */,
				D5E9EE42288F1AA20068C47A /* SyllableStartViewController.swift */,
				4D31D55C288D9DBC005E2F53 /* QuizViewController.swift */,
				D5E9EE44288FC76C0068C47A /* TopMenuViewController.swift */,
			);
			path = ViewController;
			sourceTree = "<group>";
		};
		4D31A7222882AAD900589672 /* Screen */ = {
			isa = PBXGroup;
			children = (
				D5CC950E287E9591005E8BF5 /* Main.storyboard */,
				4D31A7232882AB1E00589672 /* StudyMenu.storyboard */,
				4D31A7252882AB2700589672 /* TopMenu.storyboard */,
				4D31A72D2882AE3200589672 /* Principle.storyboard */,
				4D31A7272882AB3500589672 /* Vowel.storyboard */,
				A0AFCE9028873AA300C51FEA /* LastVowel.storyboard */,
				4D31A7292882AB3E00589672 /* Consonant.storyboard */,
				4D31A72B2882AB4700589672 /* Batchim.storyboard */,
				4D31D55A288D9DAA005E2F53 /* Quiz.storyboard */,
			);
			path = Screen;
			sourceTree = "<group>";
		};
		D5CC94FC287E9591005E8BF5 = {
			isa = PBXGroup;
			children = (
				D5CC9507287E9591005E8BF5 /* HangulTop */,
				D5CC9506287E9591005E8BF5 /* Products */,
			);
			sourceTree = "<group>";
		};
		D5CC9506287E9591005E8BF5 /* Products */ = {
			isa = PBXGroup;
			children = (
				D5CC9505287E9591005E8BF5 /* HangulTop.app */,
			);
			name = Products;
			sourceTree = "<group>";
		};
		D5CC9507287E9591005E8BF5 /* HangulTop */ = {
			isa = PBXGroup;
			children = (
				D5CC9508287E9591005E8BF5 /* AppDelegate.swift */,
				D5CC950A287E9591005E8BF5 /* SceneDelegate.swift */,
				4D31A7202882AAC300589672 /* ViewController */,
				4D31A7222882AAD900589672 /* Screen */,
				4D31A7512886819200589672 /* ButtonSetView.xib */,
				4D31A74F2886817900589672 /* ButtonSetView.swift */,
				4D31A7532886C9C900589672 /* CollectionViewCell.swift */,
				D58FDEBF288D43EA00DBBE01 /* Sound.mp3 */,
				D5CC9514287E9593005E8BF5 /* Assets.xcassets */,
				D5CC9516287E9593005E8BF5 /* LaunchScreen.storyboard */,
				D5CC9519287E9593005E8BF5 /* Info.plist */,
				D5CC9511287E9591005E8BF5 /* HangulTop.xcdatamodeld */,
			);
			path = HangulTop;
			sourceTree = "<group>";
		};
/* End PBXGroup section */

/* Begin PBXNativeTarget section */
		D5CC9504287E9591005E8BF5 /* HangulTop */ = {
			isa = PBXNativeTarget;
			buildConfigurationList = D5CC951C287E9593005E8BF5 /* Build configuration list for PBXNativeTarget "HangulTop" */;
			buildPhases = (
				D5CC9501287E9591005E8BF5 /* Sources */,
				D5CC9502287E9591005E8BF5 /* Frameworks */,
				D5CC9503287E9591005E8BF5 /* Resources */,
			);
			buildRules = (
			);
			dependencies = (
			);
			name = HangulTop;
			productName = HangulTop;
			productReference = D5CC9505287E9591005E8BF5 /* HangulTop.app */;
			productType = "com.apple.product-type.application";
		};
/* End PBXNativeTarget section */

/* Begin PBXProject section */
		D5CC94FD287E9591005E8BF5 /* Project object */ = {
			isa = PBXProject;
			attributes = {
				BuildIndependentTargetsInParallel = 1;
				LastSwiftUpdateCheck = 1340;
				LastUpgradeCheck = 1340;
				TargetAttributes = {
					D5CC9504287E9591005E8BF5 = {
						CreatedOnToolsVersion = 13.4.1;
					};
				};
			};
			buildConfigurationList = D5CC9500287E9591005E8BF5 /* Build configuration list for PBXProject "HangulTop" */;
			compatibilityVersion = "Xcode 13.0";
			developmentRegion = en;
			hasScannedForEncodings = 0;
			knownRegions = (
				en,
				Base,
			);
			mainGroup = D5CC94FC287E9591005E8BF5;
			productRefGroup = D5CC9506287E9591005E8BF5 /* Products */;
			projectDirPath = "";
			projectRoot = "";
			targets = (
				D5CC9504287E9591005E8BF5 /* HangulTop */,
			);
		};
/* End PBXProject section */

/* Begin PBXResourcesBuildPhase section */
		D5CC9503287E9591005E8BF5 /* Resources */ = {
			isa = PBXResourcesBuildPhase;
			buildActionMask = 2147483647;
			files = (
				4D31A7282882AB3500589672 /* Vowel.storyboard in Resources */,
				4D31A72C2882AB4700589672 /* Batchim.storyboard in Resources */,
				4D31A7262882AB2700589672 /* TopMenu.storyboard in Resources */,
				A0AFCE9128873AA300C51FEA /* LastVowel.storyboard in Resources */,
				4D31A7522886819200589672 /* ButtonSetView.xib in Resources */,
				4D31A72A2882AB3E00589672 /* Consonant.storyboard in Resources */,
				D5CC9518287E9593005E8BF5 /* LaunchScreen.storyboard in Resources */,
				4D31A7242882AB1E00589672 /* StudyMenu.storyboard in Resources */,
				D58FDEC0288D43EA00DBBE01 /* Sound.mp3 in Resources */,
				4D31A72E2882AE3200589672 /* Principle.storyboard in Resources */,
				D5CC9515287E9593005E8BF5 /* Assets.xcassets in Resources */,
				D5CC9510287E9591005E8BF5 /* Main.storyboard in Resources */,
				4D31D55B288D9DAA005E2F53 /* Quiz.storyboard in Resources */,
			);
			runOnlyForDeploymentPostprocessing = 0;
		};
/* End PBXResourcesBuildPhase section */

/* Begin PBXSourcesBuildPhase section */
		D5CC9501287E9591005E8BF5 /* Sources */ = {
			isa = PBXSourcesBuildPhase;
			buildActionMask = 2147483647;
			files = (
				4D31A732288460D600589672 /* ConsonantViewController.swift in Sources */,
				4D31A7502886817900589672 /* ButtonSetView.swift in Sources */,
				D5E9EE45288FC76C0068C47A /* TopMenuViewController.swift in Sources */,
				D5E9EE43288F1AA20068C47A /* SyllableStartViewController.swift in Sources */,
				4D89B9D128891E9B00BD37F7 /* BatchimEndViewController.swift in Sources */,
				D5CC9513287E9591005E8BF5 /* HangulTop.xcdatamodeld in Sources */,
				A0AFCE8F28873A7400C51FEA /* LastVowelViewController.swift in Sources */,
				4D31A7542886C9C900589672 /* CollectionViewCell.swift in Sources */,
				D5CC950D287E9591005E8BF5 /* ViewController.swift in Sources */,
				67E52E6D2882BA4300BC1205 /* BatchimViewController.swift in Sources */,
				11977D6B2884E3920033CBB6 /* PrincipleViewController.swift in Sources */,
				4D89B9CF28891CEA00BD37F7 /* ConsonantEndViewController.swift in Sources */,
				11977D6D288532890033CBB6 /* PrincipleTexts.swift in Sources */,
				11977D6F28853B120033CBB6 /* PrincipleModel.swift in Sources */,
				D5CC9509287E9591005E8BF5 /* AppDelegate.swift in Sources */,
				11B62AA5288E65BD00724875 /* PrincipleCollectionViewCell.swift in Sources */,
				11B165642886A5CE008D2456 /* PrincipleEndViewController.swift in Sources */,
				A082B9C42882B9FA006F29CC /* VowelViewController.swift in Sources */,
				D5E9EE41288F196E0068C47A /* StudyMenuViewController.swift in Sources */,
				4D31D55D288D9DBC005E2F53 /* QuizViewController.swift in Sources */,
				6761C8AA288550F4001A0D2C /* BatchimModel.swift in Sources */,
				D5CC950B287E9591005E8BF5 /* SceneDelegate.swift in Sources */,
			);
			runOnlyForDeploymentPostprocessing = 0;
		};
/* End PBXSourcesBuildPhase section */

/* Begin PBXVariantGroup section */
		D5CC950E287E9591005E8BF5 /* Main.storyboard */ = {
			isa = PBXVariantGroup;
			children = (
				D5CC950F287E9591005E8BF5 /* Base */,
			);
			name = Main.storyboard;
			sourceTree = "<group>";
		};
		D5CC9516287E9593005E8BF5 /* LaunchScreen.storyboard */ = {
			isa = PBXVariantGroup;
			children = (
				D5CC9517287E9593005E8BF5 /* Base */,
			);
			name = LaunchScreen.storyboard;
			sourceTree = "<group>";
		};
/* End PBXVariantGroup section */

/* Begin XCBuildConfiguration section */
		D5CC951A287E9593005E8BF5 /* Debug */ = {
			isa = XCBuildConfiguration;
			buildSettings = {
				ALWAYS_SEARCH_USER_PATHS = NO;
				CLANG_ANALYZER_NONNULL = YES;
				CLANG_ANALYZER_NUMBER_OBJECT_CONVERSION = YES_AGGRESSIVE;
				CLANG_CXX_LANGUAGE_STANDARD = "gnu++17";
				CLANG_ENABLE_MODULES = YES;
				CLANG_ENABLE_OBJC_ARC = YES;
				CLANG_ENABLE_OBJC_WEAK = YES;
				CLANG_WARN_BLOCK_CAPTURE_AUTORELEASING = YES;
				CLANG_WARN_BOOL_CONVERSION = YES;
				CLANG_WARN_COMMA = YES;
				CLANG_WARN_CONSTANT_CONVERSION = YES;
				CLANG_WARN_DEPRECATED_OBJC_IMPLEMENTATIONS = YES;
				CLANG_WARN_DIRECT_OBJC_ISA_USAGE = YES_ERROR;
				CLANG_WARN_DOCUMENTATION_COMMENTS = YES;
				CLANG_WARN_EMPTY_BODY = YES;
				CLANG_WARN_ENUM_CONVERSION = YES;
				CLANG_WARN_INFINITE_RECURSION = YES;
				CLANG_WARN_INT_CONVERSION = YES;
				CLANG_WARN_NON_LITERAL_NULL_CONVERSION = YES;
				CLANG_WARN_OBJC_IMPLICIT_RETAIN_SELF = YES;
				CLANG_WARN_OBJC_LITERAL_CONVERSION = YES;
				CLANG_WARN_OBJC_ROOT_CLASS = YES_ERROR;
				CLANG_WARN_QUOTED_INCLUDE_IN_FRAMEWORK_HEADER = YES;
				CLANG_WARN_RANGE_LOOP_ANALYSIS = YES;
				CLANG_WARN_STRICT_PROTOTYPES = YES;
				CLANG_WARN_SUSPICIOUS_MOVE = YES;
				CLANG_WARN_UNGUARDED_AVAILABILITY = YES_AGGRESSIVE;
				CLANG_WARN_UNREACHABLE_CODE = YES;
				CLANG_WARN__DUPLICATE_METHOD_MATCH = YES;
				COPY_PHASE_STRIP = NO;
				DEBUG_INFORMATION_FORMAT = dwarf;
				ENABLE_STRICT_OBJC_MSGSEND = YES;
				ENABLE_TESTABILITY = YES;
				GCC_C_LANGUAGE_STANDARD = gnu11;
				GCC_DYNAMIC_NO_PIC = NO;
				GCC_NO_COMMON_BLOCKS = YES;
				GCC_OPTIMIZATION_LEVEL = 0;
				GCC_PREPROCESSOR_DEFINITIONS = (
					"DEBUG=1",
					"$(inherited)",
				);
				GCC_WARN_64_TO_32_BIT_CONVERSION = YES;
				GCC_WARN_ABOUT_RETURN_TYPE = YES_ERROR;
				GCC_WARN_UNDECLARED_SELECTOR = YES;
				GCC_WARN_UNINITIALIZED_AUTOS = YES_AGGRESSIVE;
				GCC_WARN_UNUSED_FUNCTION = YES;
				GCC_WARN_UNUSED_VARIABLE = YES;
				IPHONEOS_DEPLOYMENT_TARGET = 15.5;
				MTL_ENABLE_DEBUG_INFO = INCLUDE_SOURCE;
				MTL_FAST_MATH = YES;
				ONLY_ACTIVE_ARCH = YES;
				SDKROOT = iphoneos;
				SWIFT_ACTIVE_COMPILATION_CONDITIONS = DEBUG;
				SWIFT_OPTIMIZATION_LEVEL = "-Onone";
			};
			name = Debug;
		};
		D5CC951B287E9593005E8BF5 /* Release */ = {
			isa = XCBuildConfiguration;
			buildSettings = {
				ALWAYS_SEARCH_USER_PATHS = NO;
				CLANG_ANALYZER_NONNULL = YES;
				CLANG_ANALYZER_NUMBER_OBJECT_CONVERSION = YES_AGGRESSIVE;
				CLANG_CXX_LANGUAGE_STANDARD = "gnu++17";
				CLANG_ENABLE_MODULES = YES;
				CLANG_ENABLE_OBJC_ARC = YES;
				CLANG_ENABLE_OBJC_WEAK = YES;
				CLANG_WARN_BLOCK_CAPTURE_AUTORELEASING = YES;
				CLANG_WARN_BOOL_CONVERSION = YES;
				CLANG_WARN_COMMA = YES;
				CLANG_WARN_CONSTANT_CONVERSION = YES;
				CLANG_WARN_DEPRECATED_OBJC_IMPLEMENTATIONS = YES;
				CLANG_WARN_DIRECT_OBJC_ISA_USAGE = YES_ERROR;
				CLANG_WARN_DOCUMENTATION_COMMENTS = YES;
				CLANG_WARN_EMPTY_BODY = YES;
				CLANG_WARN_ENUM_CONVERSION = YES;
				CLANG_WARN_INFINITE_RECURSION = YES;
				CLANG_WARN_INT_CONVERSION = YES;
				CLANG_WARN_NON_LITERAL_NULL_CONVERSION = YES;
				CLANG_WARN_OBJC_IMPLICIT_RETAIN_SELF = YES;
				CLANG_WARN_OBJC_LITERAL_CONVERSION = YES;
				CLANG_WARN_OBJC_ROOT_CLASS = YES_ERROR;
				CLANG_WARN_QUOTED_INCLUDE_IN_FRAMEWORK_HEADER = YES;
				CLANG_WARN_RANGE_LOOP_ANALYSIS = YES;
				CLANG_WARN_STRICT_PROTOTYPES = YES;
				CLANG_WARN_SUSPICIOUS_MOVE = YES;
				CLANG_WARN_UNGUARDED_AVAILABILITY = YES_AGGRESSIVE;
				CLANG_WARN_UNREACHABLE_CODE = YES;
				CLANG_WARN__DUPLICATE_METHOD_MATCH = YES;
				COPY_PHASE_STRIP = NO;
				DEBUG_INFORMATION_FORMAT = "dwarf-with-dsym";
				ENABLE_NS_ASSERTIONS = NO;
				ENABLE_STRICT_OBJC_MSGSEND = YES;
				GCC_C_LANGUAGE_STANDARD = gnu11;
				GCC_NO_COMMON_BLOCKS = YES;
				GCC_WARN_64_TO_32_BIT_CONVERSION = YES;
				GCC_WARN_ABOUT_RETURN_TYPE = YES_ERROR;
				GCC_WARN_UNDECLARED_SELECTOR = YES;
				GCC_WARN_UNINITIALIZED_AUTOS = YES_AGGRESSIVE;
				GCC_WARN_UNUSED_FUNCTION = YES;
				GCC_WARN_UNUSED_VARIABLE = YES;
				IPHONEOS_DEPLOYMENT_TARGET = 15.5;
				MTL_ENABLE_DEBUG_INFO = NO;
				MTL_FAST_MATH = YES;
				SDKROOT = iphoneos;
				SWIFT_COMPILATION_MODE = wholemodule;
				SWIFT_OPTIMIZATION_LEVEL = "-O";
				VALIDATE_PRODUCT = YES;
			};
			name = Release;
		};
		D5CC951D287E9593005E8BF5 /* Debug */ = {
			isa = XCBuildConfiguration;
			buildSettings = {
				ASSETCATALOG_COMPILER_APPICON_NAME = AppIcon;
				ASSETCATALOG_COMPILER_GLOBAL_ACCENT_COLOR_NAME = AccentColor;
				CODE_SIGN_IDENTITY = "iPhone Developer";
				CODE_SIGN_STYLE = Manual;
				CURRENT_PROJECT_VERSION = 1;
				DEVELOPMENT_TEAM = 5N5TS7Y4MA;
				GENERATE_INFOPLIST_FILE = YES;
				INFOPLIST_FILE = HangulTop/Info.plist;
				INFOPLIST_KEY_NSMicrophoneUsageDescription = "Use Record";
				INFOPLIST_KEY_UIApplicationSupportsIndirectInputEvents = YES;
				INFOPLIST_KEY_UILaunchStoryboardName = LaunchScreen;
				INFOPLIST_KEY_UIMainStoryboardFile = Main;
				INFOPLIST_KEY_UISupportedInterfaceOrientations_iPad = "UIInterfaceOrientationPortrait UIInterfaceOrientationPortraitUpsideDown UIInterfaceOrientationLandscapeLeft UIInterfaceOrientationLandscapeRight";
				INFOPLIST_KEY_UISupportedInterfaceOrientations_iPhone = "UIInterfaceOrientationPortrait UIInterfaceOrientationLandscapeLeft UIInterfaceOrientationLandscapeRight";
				LD_RUNPATH_SEARCH_PATHS = (
					"$(inherited)",
					"@executable_path/Frameworks",
				);
				MARKETING_VERSION = 1.0;
				PRODUCT_BUNDLE_IDENTIFIER = com.CheokCheok.HangulTop;
				PRODUCT_NAME = "$(TARGET_NAME)";
				PROVISIONING_PROFILE_SPECIFIER = CheokCheok;
				SWIFT_EMIT_LOC_STRINGS = YES;
				SWIFT_VERSION = 5.0;
				TARGETED_DEVICE_FAMILY = "1,2";
			};
			name = Debug;
		};
		D5CC951E287E9593005E8BF5 /* Release */ = {
			isa = XCBuildConfiguration;
			buildSettings = {
				ASSETCATALOG_COMPILER_APPICON_NAME = AppIcon;
				ASSETCATALOG_COMPILER_GLOBAL_ACCENT_COLOR_NAME = AccentColor;
				CODE_SIGN_IDENTITY = "iPhone Developer";
				CODE_SIGN_STYLE = Manual;
				CURRENT_PROJECT_VERSION = 1;
				DEVELOPMENT_TEAM = 5N5TS7Y4MA;
				GENERATE_INFOPLIST_FILE = YES;
				INFOPLIST_FILE = HangulTop/Info.plist;
				INFOPLIST_KEY_NSMicrophoneUsageDescription = "Use Record";
				INFOPLIST_KEY_UIApplicationSupportsIndirectInputEvents = YES;
				INFOPLIST_KEY_UILaunchStoryboardName = LaunchScreen;
				INFOPLIST_KEY_UIMainStoryboardFile = Main;
				INFOPLIST_KEY_UISupportedInterfaceOrientations_iPad = "UIInterfaceOrientationPortrait UIInterfaceOrientationPortraitUpsideDown UIInterfaceOrientationLandscapeLeft UIInterfaceOrientationLandscapeRight";
				INFOPLIST_KEY_UISupportedInterfaceOrientations_iPhone = "UIInterfaceOrientationPortrait UIInterfaceOrientationLandscapeLeft UIInterfaceOrientationLandscapeRight";
				LD_RUNPATH_SEARCH_PATHS = (
					"$(inherited)",
					"@executable_path/Frameworks",
				);
				MARKETING_VERSION = 1.0;
				PRODUCT_BUNDLE_IDENTIFIER = com.CheokCheok.HangulTop;
				PRODUCT_NAME = "$(TARGET_NAME)";
				PROVISIONING_PROFILE_SPECIFIER = CheokCheok;
				SWIFT_EMIT_LOC_STRINGS = YES;
				SWIFT_VERSION = 5.0;
				TARGETED_DEVICE_FAMILY = "1,2";
			};
			name = Release;
		};
/* End XCBuildConfiguration section */

/* Begin XCConfigurationList section */
		D5CC9500287E9591005E8BF5 /* Build configuration list for PBXProject "HangulTop" */ = {
			isa = XCConfigurationList;
			buildConfigurations = (
				D5CC951A287E9593005E8BF5 /* Debug */,
				D5CC951B287E9593005E8BF5 /* Release */,
			);
			defaultConfigurationIsVisible = 0;
			defaultConfigurationName = Release;
		};
		D5CC951C287E9593005E8BF5 /* Build configuration list for PBXNativeTarget "HangulTop" */ = {
			isa = XCConfigurationList;
			buildConfigurations = (
				D5CC951D287E9593005E8BF5 /* Debug */,
				D5CC951E287E9593005E8BF5 /* Release */,
			);
			defaultConfigurationIsVisible = 0;
			defaultConfigurationName = Release;
		};
/* End XCConfigurationList section */

/* Begin XCVersionGroup section */
		D5CC9511287E9591005E8BF5 /* HangulTop.xcdatamodeld */ = {
			isa = XCVersionGroup;
			children = (
				D5CC9512287E9591005E8BF5 /* HangulTop.xcdatamodel */,
			);
			currentVersion = D5CC9512287E9591005E8BF5 /* HangulTop.xcdatamodel */;
			path = HangulTop.xcdatamodeld;
			sourceTree = "<group>";
			versionGroupType = wrapper.xcdatamodel;
		};
/* End XCVersionGroup section */
	};
	rootObject = D5CC94FD287E9591005E8BF5 /* Project object */;
}
